{
    "_meta": {
        "hash": {
            "sha256": "a177ff20f07943f768fa6629046b63f4a5b01e1235b104bf41c985b332ca11ad"
        },
        "pipfile-spec": 6,
        "requires": {
            "python_version": "3.8"
        },
        "sources": [
            {
                "name": "pypi",
                "url": "https://pypi.org/simple",
                "verify_ssl": true
            }
        ]
    },
    "default": {
        "absl-py": {
            "hashes": [
                "sha256:afe94e3c751ff81aad55d33ab6e630390da32780110b5af72ae81ecff8418d9e",
                "sha256:b44f68984a5ceb2607d135a615999b93924c771238a63920d17d3387b0d229d5"
            ],
            "version": "==0.12.0"
        },
        "argparse": {
            "hashes": [
                "sha256:62b089a55be1d8949cd2bc7e0df0bddb9e028faefc8c32038cc84862aefdd6e4",
                "sha256:c31647edb69fd3d465a847ea3157d37bed1f95f19760b11a47aa91c04b666314"
            ],
            "index": "pypi",
            "version": "==1.4.0"
        },
        "cachetools": {
            "hashes": [
                "sha256:2cc0b89715337ab6dbba85b5b50effe2b0c74e035d83ee8ed637cf52f12ae001",
                "sha256:61b5ed1e22a0924aed1d23b478f37e8d52549ff8a961de2909c69bf950020cff"
            ],
            "markers": "python_version ~= '3.5'",
            "version": "==4.2.2"
        },
        "certifi": {
            "hashes": [
                "sha256:1a4995114262bffbc2413b159f2a1a480c969de6e6eb13ee966d470af86af59c",
                "sha256:719a74fb9e33b9bd44cc7f3a8d94bc35e4049deebe19ba7d8e108280cfd59830"
            ],
            "version": "==2020.12.5"
        },
        "chardet": {
            "hashes": [
                "sha256:0d6f53a15db4120f2b08c94f11e7d93d2c911ee118b6b30a04ec3ee8310179fa",
                "sha256:f864054d66fd9118f2e67044ac8981a54775ec5b67aed0441892edb553d21da5"
            ],
            "markers": "python_version >= '2.7' and python_version not in '3.0, 3.1, 3.2, 3.3, 3.4'",
            "version": "==4.0.0"
        },
        "google-auth": {
            "hashes": [
                "sha256:588bdb03a41ecb4978472b847881e5518b5d9ec6153d3d679aa127a55e13b39f",
                "sha256:9ad25fba07f46a628ad4d0ca09f38dcb262830df2ac95b217f9b0129c9e42206"
            ],
            "markers": "python_version >= '2.7' and python_version not in '3.0, 3.1, 3.2, 3.3, 3.4, 3.5'",
            "version": "==1.30.0"
        },
        "google-auth-oauthlib": {
            "hashes": [
                "sha256:09832c6e75032f93818edf1affe4746121d640c625a5bef9b5c96af676e98eee",
                "sha256:0e92aacacfb94978de3b7972cf4b0f204c3cd206f74ddd0dc0b31e91164e6317"
            ],
            "markers": "python_version >= '3.6'",
            "version": "==0.4.4"
        },
        "grpcio": {
            "hashes": [
                "sha256:025fa7dffb0cf724070cfcbe2ff600a18b0cf84642ede5c92f2717162e2a8c95",
                "sha256:0b8817acef140cb9a3543208c13282d3bf4bb0103e930ddbb779677604085ada",
                "sha256:0d64b5995e17eb9f086e82e6a4edadd1295827b593be71b516e7a442067784b5",
                "sha256:1aab01ee3e4b88ed6419f0b25ff21c83deb6c823c6fb77e655def0796526e3a3",
                "sha256:1de472a3c2a3d89d4d400d8179f2777ec99f7da0e87c0c1f196226141816d621",
                "sha256:22b0cc3531d3c405fae9a8519004a0e62ecbd1f005b55b3622098a4881d36b96",
                "sha256:23666be3ed366f647f09c9caf89c48ca0daa12be8fe4786e5a368a6cd69de1f6",
                "sha256:264f6d9a922f5124f79f50b1880349fd16c657a9b4fdf0f29fca939d40584f7f",
                "sha256:30807f3979ebb3872588fa166876a2a24febe17e0db5950d5bedd67320d11b8c",
                "sha256:30ba9712547c9497a438bfeb2c7f393fa983df1609e1c81243d4b0d1b1bfefbf",
                "sha256:34d6f626062e7ef47ab30ff8976825c58fa8846ccd8c645b57291ccc74b9d413",
                "sha256:37e265b72e69ef8e33efca8d1123bdc349ae3eabb92563e76adfce209c9df51a",
                "sha256:3ee1bef5f5e4208998cdef44933db3c30c52a7ebde424cfc4186404ffded1d35",
                "sha256:4493365334baaa3d775f5e4a91d9a844ac676560232223405a0964dfddb31924",
                "sha256:4850c96d3a22d941b0d6af4dccbc739caec7f367b783aad049c843b28b458ff0",
                "sha256:494cce1709f7cd63c2610c25b41f886048f1d993511ddb23f766b77ac142ba78",
                "sha256:4c0503b5ef6fcabc52c296d750a095ef29fd707d0f85322e95e5c261b3a684f9",
                "sha256:5dabaac759a98bcfd979d22874dcd7ccf8779678a2fe841d355dd93fee143974",
                "sha256:609297d3d5d32f47e04bf7dc61c7756df50bc37dec4dfd63e996388eba42fb3b",
                "sha256:640f49187105fb6c2b1b7acea06df3b0ccf5fe33a075c73b8a741013bc5cc802",
                "sha256:67b482c810d05d9317e29b82900864ab888b9f842701906ba54c3eb176cd8eab",
                "sha256:6ad11c1ea337720a42fc31959bd44a38b8837e3ae25bdab681e2e1a28096b02a",
                "sha256:6f44b8244bafcbea63daff222ae1b27d048b9d8fd47eb3d11e61ee092078e766",
                "sha256:728292f5ccb849f30774c0805ef5c39452b3a5f4d193ac499ae5b78d268ff64b",
                "sha256:74aad86c7c1b9163d01c3d9e75861e9b09c65e0947592ca315c30353a0f6c4d1",
                "sha256:7533d2c9698dd3038fcf3dd0df243b76a9e0db8008f8575c305e20a3593189eb",
                "sha256:7b2a2cf3621f94b123a9d7a68e4a8d948b29520136f096927f7c9653f24c8fca",
                "sha256:80c3c9d24ecd236571d3c86657243431a8bafef022dcce83f9f2aeb6eecb96b9",
                "sha256:8d3cdca5cfd6761a8824bc8acc8ac7bc37ad5ef75899308ca0458cf7952ce12d",
                "sha256:8f5a16f8b650efddd5ff3f750cca5b45c045923be13e79cdd1b886332307f46a",
                "sha256:9364f35949c3cff5470b583a03ccfd927b71cbe1ab7583a6529d5d67ed76e91e",
                "sha256:9674fffd1f599aec7389a61d48c1a8c8aaba69591609895911c6d8386d86dd45",
                "sha256:99a627471275f93d400399b55e4c1d798602ff79d693e7def0a0b276912bff7e",
                "sha256:a1cd40eac72d3c914eea73f8f7730ddbd86061098a8ce712d1ce108e9d87d449",
                "sha256:ac4174b1cf4daea0653fcfee7676bb04a8a43644e9ddf1913834d1542a9c697b",
                "sha256:ad03ff6b15f3481f3c999d5d22b5c56295dffc49b8e2cbdbc04c7bf358d3034e",
                "sha256:b7cc965538da06c9e9cf0e01bae91f274c75baf224ca6a734717c0f003ddf1f2",
                "sha256:b948a00764fee55cf111e0bf3d987167557152abf879f2c13bd2f278a6247ded",
                "sha256:c87599137f6022ed5079b0df47da83134b9810d4b00999b87edfc901347f26a9",
                "sha256:d232802ba15b465000263bc17171f9863173b7669bdd72dbdffdfcc0f6e637dc",
                "sha256:d7ae05ded17c4697ef80784dc89cad3025db0d90c5a8a0ada47a8d0749617d58",
                "sha256:df8305806311d3fe913d4f7eb3ef28e2072159ea12f95baab5d447f1380a71e3",
                "sha256:e236d0580f7e69a35c420ce60f960b294e9dc973b8c31499fa476eb4d4ba4088",
                "sha256:e3e0fb7d32f163699cef5132b060e3f613dc914408164eb3e3ac69095861ea04",
                "sha256:e72d8df53624098d8b1fe01c961888d61f90d7c0aa8116d76db80a535da9b445",
                "sha256:e7da0319003d150611b30cd864e0474a283324b3db9107107aa3ef9a71c53130",
                "sha256:ee0537fe2423307b885ba44e6789249e6d7624247cb38a20b9f38f4b40f5ab03",
                "sha256:f1287ae8a3bef97fd702dac95967aaf52031a6dceb2bd30da165f16e3b617293",
                "sha256:f6a73167fce4a41e5c0b34ceaad1048a14e9eeb4fc324da49da0537c199efab7",
                "sha256:f933dd10948a5e5ed4258a1581e45aec1bb84069e62368084eb2dcf4cce51e78",
                "sha256:fa279b99878bae9b804c09e023f2b47de79d0b5e813ab85ddf28673784d610f0"
            ],
            "version": "==1.37.1"
        },
        "idna": {
            "hashes": [
                "sha256:b307872f855b18632ce0c21c5e45be78c0ea7ae4c15c828c20788b26921eb3f6",
                "sha256:b97d804b1e9b523befed77c48dacec60e6dcb0b5391d57af6a65a312a90648c0"
            ],
            "markers": "python_version >= '2.7' and python_version not in '3.0, 3.1, 3.2, 3.3'",
            "version": "==2.10"
        },
        "markdown": {
            "hashes": [
                "sha256:31b5b491868dcc87d6c24b7e3d19a0d730d59d3e46f4eea6430a321bed387a49",
                "sha256:96c3ba1261de2f7547b46a00ea8463832c921d3f9d6aba3f255a6f71386db20c"
            ],
            "markers": "python_version >= '3.6'",
            "version": "==3.3.4"
        },
        "numpy": {
            "hashes": [
                "sha256:1676b0a292dd3c99e49305a16d7a9f42a4ab60ec522eac0d3dd20cdf362ac010",
                "sha256:16f221035e8bd19b9dc9a57159e38d2dd060b48e93e1d843c49cb370b0f415fd",
                "sha256:43909c8bb289c382170e0282158a38cf306a8ad2ff6dfadc447e90f9961bef43",
                "sha256:4e465afc3b96dbc80cf4a5273e5e2b1e3451286361b4af70ce1adb2984d392f9",
                "sha256:55b745fca0a5ab738647d0e4db099bd0a23279c32b31a783ad2ccea729e632df",
                "sha256:5d050e1e4bc9ddb8656d7b4f414557720ddcca23a5b88dd7cff65e847864c400",
                "sha256:637d827248f447e63585ca3f4a7d2dfaa882e094df6cfa177cc9cf9cd6cdf6d2",
                "sha256:6690080810f77485667bfbff4f69d717c3be25e5b11bb2073e76bb3f578d99b4",
                "sha256:66fbc6fed94a13b9801fb70b96ff30605ab0a123e775a5e7a26938b717c5d71a",
                "sha256:67d44acb72c31a97a3d5d33d103ab06d8ac20770e1c5ad81bdb3f0c086a56cf6",
                "sha256:6ca2b85a5997dabc38301a22ee43c82adcb53ff660b89ee88dded6b33687e1d8",
                "sha256:6e51534e78d14b4a009a062641f465cfaba4fdcb046c3ac0b1f61dd97c861b1b",
                "sha256:70eb5808127284c4e5c9e836208e09d685a7978b6a216db85960b1a112eeace8",
                "sha256:830b044f4e64a76ba71448fce6e604c0fc47a0e54d8f6467be23749ac2cbd2fb",
                "sha256:8b7bb4b9280da3b2856cb1fc425932f46fba609819ee1c62256f61799e6a51d2",
                "sha256:a9c65473ebc342715cb2d7926ff1e202c26376c0dcaaee85a1fd4b8d8c1d3b2f",
                "sha256:c1c09247ccea742525bdb5f4b5ceeacb34f95731647fe55774aa36557dbb5fa4",
                "sha256:c5bf0e132acf7557fc9bb8ded8b53bbbbea8892f3c9a1738205878ca9434206a",
                "sha256:db250fd3e90117e0312b611574cd1b3f78bec046783195075cbd7ba9c3d73f16",
                "sha256:e515c9a93aebe27166ec9593411c58494fa98e5fcc219e47260d9ab8a1cc7f9f",
                "sha256:e55185e51b18d788e49fe8305fd73ef4470596b33fc2c1ceb304566b99c71a69",
                "sha256:ea9cff01e75a956dbee133fa8e5b68f2f92175233de2f88de3a682dd94deda65",
                "sha256:f1452578d0516283c87608a5a5548b0cdde15b99650efdfd85182102ef7a7c17",
                "sha256:f39a995e47cb8649673cfa0579fbdd1cdd33ea497d1728a6cb194d6252268e48"
            ],
            "markers": "python_version >= '3.7'",
            "version": "==1.20.3"
        },
        "oauthlib": {
            "hashes": [
                "sha256:bee41cc35fcca6e988463cacc3bcb8a96224f470ca547e697b604cc697b2f889",
                "sha256:df884cd6cbe20e32633f1db1072e9356f53638e4361bef4e8b03c9127c9328ea"
            ],
            "markers": "python_version >= '2.7' and python_version not in '3.0, 3.1, 3.2, 3.3'",
            "version": "==3.1.0"
        },
        "protobuf": {
            "hashes": [
                "sha256:05c304396e309661c45e3a97bd2d8da1fc2bab743ed2ca880bcb757271c40c0e",
                "sha256:05dfe9319939a8473c21b469f34f6486646e54fb8542637cf7ed8e2fbfe21538",
                "sha256:1488f786bd1912f97796cf5def8cacf433735616896cf7ed9dc786cee693dfc8",
                "sha256:15351df904347da2081a2eebc42b192c29724eb57dbe56dae440be843f1e4779",
                "sha256:295944ef0772498d7bf75f6aa5d4dfcfd02f5ce70f735b406e52e43ac3914d38",
                "sha256:2f77afe33bb86c7d34221a86193256d69aa10818620fe4a7513d98211d67d672",
                "sha256:3237acce5b666c7b0f45785cc2d0809796d4df3593bd68338aebf25408139188",
                "sha256:3b5c461af5a3cebd796c73370db929b7e24cbaba655eefdc044226bc8a843d6b",
                "sha256:3d338910b10b88b18581cf6877b3938b2e262e8fdc2c1057f5a291787de63183",
                "sha256:44399393c3a8cc04a4cfbdc721dd7f2114497efda582e946a91b8c4290ae5ff5",
                "sha256:4c8d0997fdc0a4cf9de7950d598ce6974b22e8618bbcf1d15e9842010cf8420a",
                "sha256:5356981c1919782b8c2e3ea5c5d85ad5937b8178a025ac9edc2f2ca5b4a717ae",
                "sha256:809a96d5a1a74538728710f9104f43ae77f5e48bde274ee321b10a324ba52e4f",
                "sha256:850f429bd2399525d339d05bc809f090f16d3d88737bed637d355a5ee8d3b81a",
                "sha256:8a3ac375539055164f31a330770f137875307e6f04c21e2647f2e7139c501295",
                "sha256:939ce06846ddfec99c0bff510510b3ee45778e7a3aec6544d1f36526e5fecb67",
                "sha256:9ae321459d4890c3939c536382f75e232c9e91ce506310353c8a15ad5c379e0d",
                "sha256:a29631f4f8bcf79b12a59e83d238d888de5034871461d788c74c68218ad75049",
                "sha256:acc9f2091ace3de429eee424ab7ba0bc52a6aa9ffc9909e5c4de259a3f71db46",
                "sha256:baea44967071e6a51e705e4e88aebf35f530a14004cc69f60a185e5d7e13de7e",
                "sha256:bcaff977db178f0bfde10bab0d23a5f5adf5964adba70c315e45922a1c55eb90",
                "sha256:e32ef0c9f4b548c80d94dfff8b4130ca2ff3d50caaf2455889e3f5b8a01e8038",
                "sha256:eac0a2a7ea99e17175f6e7b53cdc9004ed786c072fbdf933def0e454e14fd323"
            ],
            "version": "==3.17.0"
        },
        "pyasn1": {
            "hashes": [
                "sha256:014c0e9976956a08139dc0712ae195324a75e142284d5f87f1a87ee1b068a359",
                "sha256:03840c999ba71680a131cfaee6fab142e1ed9bbd9c693e285cc6aca0d555e576",
                "sha256:0458773cfe65b153891ac249bcf1b5f8f320b7c2ce462151f8fa74de8934becf",
                "sha256:08c3c53b75eaa48d71cf8c710312316392ed40899cb34710d092e96745a358b7",
                "sha256:39c7e2ec30515947ff4e87fb6f456dfc6e84857d34be479c9d4a4ba4bf46aa5d",
                "sha256:5c9414dcfede6e441f7e8f81b43b34e834731003427e5b09e4e00e3172a10f00",
                "sha256:6e7545f1a61025a4e58bb336952c5061697da694db1cae97b116e9c46abcf7c8",
                "sha256:78fa6da68ed2727915c4767bb386ab32cdba863caa7dbe473eaae45f9959da86",
                "sha256:7ab8a544af125fb704feadb008c99a88805126fb525280b2270bb25cc1d78a12",
                "sha256:99fcc3c8d804d1bc6d9a099921e39d827026409a58f2a720dcdb89374ea0c776",
                "sha256:aef77c9fb94a3ac588e87841208bdec464471d9871bd5050a287cc9a475cd0ba",
                "sha256:e89bf84b5437b532b0803ba5c9a5e054d21fec423a89952a74f87fa2c9b7bce2",
                "sha256:fec3e9d8e36808a28efb59b489e4528c10ad0f480e57dcc32b4de5c9d8c9fdf3"
            ],
            "version": "==0.4.8"
        },
        "pyasn1-modules": {
            "hashes": [
                "sha256:0845a5582f6a02bb3e1bde9ecfc4bfcae6ec3210dd270522fee602365430c3f8",
                "sha256:0fe1b68d1e486a1ed5473f1302bd991c1611d319bba158e98b106ff86e1d7199",
                "sha256:15b7c67fabc7fc240d87fb9aabf999cf82311a6d6fb2c70d00d3d0604878c811",
                "sha256:426edb7a5e8879f1ec54a1864f16b882c2837bfd06eee62f2c982315ee2473ed",
                "sha256:65cebbaffc913f4fe9e4808735c95ea22d7a7775646ab690518c056784bc21b4",
                "sha256:905f84c712230b2c592c19470d3ca8d552de726050d1d1716282a1f6146be65e",
                "sha256:a50b808ffeb97cb3601dd25981f6b016cbb3d31fbf57a8b8a87428e6158d0c74",
                "sha256:a99324196732f53093a84c4369c996713eb8c89d360a496b599fb1a9c47fc3eb",
                "sha256:b80486a6c77252ea3a3e9b1e360bc9cf28eaac41263d173c032581ad2f20fe45",
                "sha256:c29a5e5cc7a3f05926aff34e097e84f8589cd790ce0ed41b67aed6857b26aafd",
                "sha256:cbac4bc38d117f2a49aeedec4407d23e8866ea4ac27ff2cf7fb3e5b570df19e0",
                "sha256:f39edd8c4ecaa4556e989147ebf219227e2cd2e8a43c7e7fcb1f1c18c5fd6a3d",
                "sha256:fe0644d9ab041506b62782e92b06b8c68cca799e1a9636ec398675459e031405"
            ],
            "version": "==0.2.8"
        },
        "requests": {
            "hashes": [
                "sha256:27973dd4a904a4f13b263a19c866c13b92a39ed1c964655f025f3f8d3d75b804",
                "sha256:c210084e36a42ae6b9219e00e48287def368a26d03a048ddad7bfee44f75871e"
            ],
            "markers": "python_version >= '2.7' and python_version not in '3.0, 3.1, 3.2, 3.3, 3.4'",
            "version": "==2.25.1"
        },
        "requests-oauthlib": {
            "hashes": [
                "sha256:7f71572defaecd16372f9006f33c2ec8c077c3cfa6f5911a9a90202beb513f3d",
                "sha256:b4261601a71fd721a8bd6d7aa1cc1d6a8a93b4a9f5e96626f8e4d91e8beeaa6a",
                "sha256:fa6c47b933f01060936d87ae9327fead68768b69c6c9ea2109c48be30f2d4dbc"
            ],
            "version": "==1.3.0"
        },
        "rsa": {
            "hashes": [
                "sha256:78f9a9bf4e7be0c5ded4583326e7461e3a3c5aae24073648b4bdfa797d78c9d2",
                "sha256:9d689e6ca1b3038bc82bf8d23e944b6b6037bc02301a574935b2dd946e0353b9"
            ],
            "markers": "python_version >= '3.6'",
            "version": "==4.7.2"
        },
        "sentencepiece": {
            "hashes": [
                "sha256:03ac268fa1f5f2adcb083f40becd63b5bbbe2c13dec2cd46222688f8477827c5",
                "sha256:087373b148b82854a3c03a9ad57d58a8ff5366b2f6d718bca27f262c102439ce",
                "sha256:10e8119175e35075d05dad49c2903903229c7b1331b872fff5ad6a85d369152c",
                "sha256:163d869ce8dd7a9ed11187756272e8c73cd1caae1f47a701e5d70ad80485a655",
                "sha256:21cfec2ec80eb6f603fb92b0416479272f3ec30cfd511b8525a964e2f1cf82a6",
                "sha256:243ce7c067ba15e5883ab772117b144a8fa1f5827c466a664c9f52d173f6e375",
                "sha256:26676ecc4985902cf4af5d597df3d2c4f32f58ed3e23db20c47950f6065089d7",
                "sha256:438ee23faf095a9ebcc97debad2b07c0647ff6a306ed4d430146c3f80c7f6354",
                "sha256:43acdb01466de8189b899de153b96eb50e0ea3b77608c1d4f4f8f0c6f343fe45",
                "sha256:453f9cf531b5ea694472a5f0a4dc727bfb4f383c8a80a9b5261db6d3a59d4018",
                "sha256:4749b187c91e796fe52b82abef3c05a60d82065088844c0fe45d5c221ddc097a",
                "sha256:48fd95e0bf082a432cff5d4b7e5fa6d5fdaf87fb2de210aa91f90086c89464a2",
                "sha256:53951098eddfc25a5fa0cd9be748c9346db3c2be0b6c74a8ac6663acbde2b639",
                "sha256:58a1013c2a676e16647c64505b9e8cd7e7e5fb9f2d92ec91f2d2a5f777632a69",
                "sha256:5cac1dcacc2c6bea397188daa549f194ca2bc4d0a7005633ecd03b165e1ad16f",
                "sha256:5e177f6e40b074e08d3c0c2a1a862fbc94897d9c3439c7752a03a4f61197a743",
                "sha256:5ff761f322a1b34d691d8b1d87c735d8de725ce3458d879d9d0c319e285e7169",
                "sha256:60715ef703af2410e5f5cac89d8123f1a0a8dbce1406a2ceaecf805eb0c0cfd9",
                "sha256:6365bb9b7a17573e1ed9a277eafad6b5a489100840149297b2f399294ca11817",
                "sha256:77dff55aa8f74e36f7fd7df861723574630327fdfff0ca18fdbb4fe031c9ecbe",
                "sha256:7f7929c7741ea276d44c1e7966a1347943fab2089a55bc32fc42ba3c71a6e2e1",
                "sha256:8613286b537056e6d2029e306719e33d4e09c369a1741490e4e18f2a6a797996",
                "sha256:8dd6e3e110f4c3f85a46e4a2ae1b6f7cf020b907fab50eac22beccf1680e0ea5",
                "sha256:8e2f6096899a32246a0c65ea7f24a01ff32ea49563ef013b348acb7bca5831d5",
                "sha256:94f866601203b78095d9f219995820ff4606d67281895a6c79d5c1ffe75575ac",
                "sha256:99ba407001cc45b76e56e03f63eb27e011fe614c3a38e2c0ed5818bb88e050f6",
                "sha256:ad2866aebdf702b0d6a992b2b3b46c2de3739ca8a92bce17f24cf51c29fa4f3e",
                "sha256:bc7324da0209b632be107123f40505e2400e6aa49e39b49a35d081c36e6cee1b",
                "sha256:c2add7d87c30898661de5b9e492bd99c5b184c731dec3c7dd3d2c956e4003446",
                "sha256:c510e0d26760d51b31f2fb05e1638419a1590df8783300d79e898f2bb93975a8",
                "sha256:d3410cffb275c319c61977ae3a8729ab224d330bdf69d66cf5f6c55a4deb3d9a",
                "sha256:d789bcdce025b377a45830d3962d041b1acf7e416e5451bef081bd6a9c758dfd",
                "sha256:d880e8f70822fe98b4f584814f5cccebf9e72aea7b44acc1a26731780fac03f7",
                "sha256:d89c04aeedab0d5c25de8fc6302d58ec6fb135e2670449376c7d0301d7963680",
                "sha256:e3cf28e56f49edb9ac021e247399671b8099e516ecd8091ee8ad5d35716e16e3",
                "sha256:f05663139279718421084d618131a24cffc068860873531ebfe38a73085cbd2e",
                "sha256:f5b6ab735d30eb1801998d4c413592149f9414d9aa300d90a28e8769792d2a5b",
                "sha256:fa52e8a438f500e07c81c068fe128f9c4e677331eff0b17b28c55585aa7c112a",
                "sha256:fa8ee7411f31a7e7e1b4ed48de958e63befdba3465d7c7d9bd5a87235f7e5bd1"
            ],
            "index": "pypi",
            "version": "==0.1.95"
        },
        "six": {
            "hashes": [
                "sha256:1e61c37477a1626458e36f7b1d82aa5c9b094fa4802892072e49de9c60c4c926",
                "sha256:8abb2f1d86890a2dfb989f9a77cfcfd3e47c2a354b01111771326f8aa26e0254"
            ],
            "markers": "python_version >= '2.7' and python_version not in '3.0, 3.1, 3.2, 3.3'",
            "version": "==1.16.0"
        },
        "tensorboard": {
            "hashes": [
                "sha256:e167460085b6528956b33bab1c970c989cdce47a6616273880733f5e7bde452e"
            ],
            "index": "pypi",
            "version": "==2.5.0"
        },
        "tensorboard-data-server": {
            "hashes": [
                "sha256:809fe9887682d35c1f7d1f54f0f40f98bb1f771b14265b453ca051e2ce58fca7",
                "sha256:d8237580755e58eff68d1f3abefb5b1e39ae5c8b127cc40920f9c4fb33f4b98a",
                "sha256:fa8cef9be4fcae2f2363c88176638baf2da19c5ec90addb49b1cde05c95c88ee"
            ],
            "markers": "python_version >= '3.6'",
            "version": "==0.6.1"
        },
        "tensorboard-plugin-wit": {
            "hashes": [
                "sha256:2a80d1c551d741e99b2f197bb915d8a133e24adb8da1732b840041860f91183a"
            ],
            "version": "==1.8.0"
        },
        "tokenizers": {
            "hashes": [
                "sha256:03056431783e72df80de68648573f97a70701d17fa22336c6d761b5d4b7be9ff",
                "sha256:05c90ade1b9cc41aaee6056c5e460dc5150f12b602bdc6bfa3758fb965ca7788",
                "sha256:15d9b959fd3b9e9e7c6d6d7d909bca5d7397a170a50d99ac8ce4e2ab590b137a",
                "sha256:1a22bf899728eeb74ee2bb1ba9eff61898ec02e623a690ed28002762d19ab9b4",
                "sha256:1ab8c467e4fe16bba33022feefcd6322642a58e4c8c123fd692c20e17f339964",
                "sha256:2094eb8e3608858eb4bd29c32c39969ae63ad9749d8aca9b34e82cba852acaf1",
                "sha256:2b592146caff20c283dadf2da99520b1dfde4af8ce964a8adcb4e990923fa423",
                "sha256:39e24555d5a2d9df87fd75303e1fd9ba3f995ac8aeb543c511d601d26a54726a",
                "sha256:3fb22df976701452db3ba652bd647518a043e58d4209d18273163fbc53252a3b",
                "sha256:419bb33bb3690239b93b76b06eba1eb822aa72f4e63293d2f15c60505f6ee0d0",
                "sha256:474883e8e0be431394e0ccfb70e97c1856e8c5bc80536f7b2faa3b0785d59afd",
                "sha256:4865d34d4897eed4ca4a758971fb14911cf5022e270b53c028fa9312fe440e2b",
                "sha256:52c2479975fd5025d399493403c7aedce853da20cec04a32a829c1c12c28e2f1",
                "sha256:6229fcc8473fd225e8e09742c354dacacd57dbdc73075e4c9d71f925cd171090",
                "sha256:77c4c41f2147c930c66014ca43b6935133781ae1923d62e70c797e71b0ee2598",
                "sha256:79119578bcd1d8ec836ddd3dbb305f32084d60e9f67e93a10ca33c67eeaa89fc",
                "sha256:7ba26369bc30f9d28d9ff42dcb1b57d9995157a9bb2975b95acda4220195d7aa",
                "sha256:86077426c615a814f7456569eade33c12c93131d02fdf548994dcedf41bdbbf1",
                "sha256:8a575022e066878bede82bb5d5244b17c6ebda15dbb50229d86f9e8267ddd40e",
                "sha256:8b4ae84fb410b5f5abb3a604b3274e2d6994b21f07c379b1c1659561e026bad8",
                "sha256:9124a1f77e176cb2a2571bae4c3bf8d4c40975c1681e2ba346fdca5d6a3aa843",
                "sha256:953a4e483524fd37fd66208e21dce85d4829bfe294d8b6224d2f00f61aa9950c",
                "sha256:9619846026b16967465e5221206f86bdc58cf65b0f92548d048e97925361121e",
                "sha256:9e8f32a2ef1902f769da6215ae8beabd632676a1551fb171b5aa6d4c11fd3a02",
                "sha256:a323d93fd5e57060428fecb6d73ab13223822f8ffa1ede282070b47a4bda2cea",
                "sha256:a3de6ecfbd739ee3d59280c0c930c0c5a716df1cf0cdf68beb379066931866bd",
                "sha256:aadcf38b97114d035e389f5aee4edf59e81666ad65de26c06592d76f184bb66c",
                "sha256:bac17cceebb2a6947d380e1b7bce8fc33098a979071a1291adc456fb25434924",
                "sha256:bb58ad982f8f72052362a5384145e87559899dcc0b06264e71dd137869037e6e",
                "sha256:be25827c0506d92927dc0ef4d2ce0c4653a351735546f8b22548535c3d2f7a6c",
                "sha256:bed7c5c2c786a2e9b3265006f15a13d8e04dcdfcf9ba13add0d7194a50346393",
                "sha256:c0f5bbc2e614468bcb605f2aa4a6dbcdf21629c6ff6ae81f1d9fa9683934ce8e",
                "sha256:c429c25c3dfe1ea9ad6e21a49d648910335ef4188c5e8226e5aa2ba2bd13921c",
                "sha256:cd408266f13856dc648ed2dcc889ac17feffc28da2ebb03f1977b88935e86c9a",
                "sha256:cf7f1aad957fed36e4a90fc094e3adc03fdd45fbb058c1cde25721e3e66235f8",
                "sha256:e3e74a9fa40b92a9817fe05ea91bf20075f45ad8cf7c0d3eb738170a27059508",
                "sha256:ea54eb0071f13fa7c6c3b88997a843d01c067158b994115759c27827e683fb82",
                "sha256:f1553e029f326eb74f36d67a38ef77a7f03068a494a0faa4e16d0d832f25b760",
                "sha256:f7b62497dce161babdb9197fa4b26e401bac9541b62fe0d0957134fefeb1b01c",
                "sha256:f9fe9c5556ccab03c9d42ed299bd8901c95d22373676437bfeb4656c2b5e42bc",
                "sha256:fb1dae213c8531d6af071dd021c7225be73803a0cbe609aed5074be04118aa6c"
            ],
            "index": "pypi",
            "version": "==0.10.2"
        },
        "torch": {
            "hashes": [
                "sha256:1388b30fbd262c1a053d6c9ace73bb0bd8f5871b4892b6f3e02d1d7bc9768563",
                "sha256:16f2630d9604c4ee28ea7d6e388e2264cd7bc6031c6ecd796bae3f56b5efa9a3",
                "sha256:225ee4238c019b28369c71977327deeeb2bd1c6b8557e6fcf631b8866bdc5447",
                "sha256:3e4190c04dfd89c59bad06d5fe451446643a65e6d2607cc989eb1001ee76e12f",
                "sha256:4ace9c5bb94d5a7b9582cd089993201658466e9c59ff88bd4e9e08f6f072d1cf",
                "sha256:55137feb2f5a0dc7aced5bba690dcdb7652054ad3452b09a2bbb59f02a11e9ff",
                "sha256:5c2e9a33d44cdb93ebd739b127ffd7da786bf5f740539539195195b186a05f6c",
                "sha256:6ffa1e7ae079c7cb828712cb0cdaae5cc4fb87c16a607e6d14526b62c20bcc17",
                "sha256:8ad2252bf09833dcf46a536a78544e349b8256a370e03a98627ebfb118d9555b",
                "sha256:95b7bbbacc3f28fe438f418392ceeae146a01adc03b29d44917d55214ac234c9",
                "sha256:a50ea8ed900927fb30cadb63aa7a32fdd59c7d7abe5012348dfbe35a8355c083",
                "sha256:c6ede2ae4dcd8214b63e047efabafa92493605205a947574cf358216ca4e440a",
                "sha256:ce7d435426f3dd14f95710d779aa46e9cd5e077d512488e813f7589fdc024f78",
                "sha256:dac4d10494e74f7e553c92d7263e19ea501742c4825ddd26c4decfa27be95981",
                "sha256:e7ad1649adb7dc2a450e70a3e51240b84fa4746c69c8f98989ce0c254f9fba3a",
                "sha256:f23eeb1a48cc39209d986c418ad7e02227eee973da45c0c42d36b1aec72f4940"
            ],
            "index": "pypi",
            "version": "==1.8.1"
        },
        "tqdm": {
            "hashes": [
                "sha256:daec693491c52e9498632dfbe9ccfc4882a557f5fa08982db1b4d3adbe0887c3",
                "sha256:ebdebdb95e3477ceea267decfc0784859aa3df3e27e22d23b83e9b272bf157ae"
            ],
            "index": "pypi",
            "version": "==4.60.0"
        },
        "typing-extensions": {
            "hashes": [
                "sha256:0ac0f89795dd19de6b97debb0c6af1c70987fd80a2d62d1958f7e56fcc31b497",
                "sha256:50b6f157849174217d0656f99dc82fe932884fb250826c18350e159ec6cdf342",
                "sha256:779383f6086d90c99ae41cf0ff39aac8a7937a9283ce0a414e5dd782f4c94a84"
            ],
            "version": "==3.10.0.0"
        },
        "urllib3": {
            "hashes": [
                "sha256:2f4da4594db7e1e110a944bb1b551fdf4e6c136ad42e4234131391e21eb5b0df",
                "sha256:e7b021f7241115872f92f43c6508082facffbd1c048e3c6e2bb9c2a157e28937"
            ],
            "markers": "python_version >= '2.7' and python_version not in '3.0, 3.1, 3.2, 3.3, 3.4' and python_version < '4'",
            "version": "==1.26.4"
        },
        "werkzeug": {
            "hashes": [
                "sha256:3389bbfe6d40c6dd25e6d3f974155163c8b3de5bbda6a89342d4ab93fae80ba0",
                "sha256:64c02f6495ba01eddd6625b3675f357cd358a73f1e38458a56ad86c5baa30b53"
            ],
            "markers": "python_version >= '3.6'",
            "version": "==2.0.0"
        },
        "wheel": {
            "hashes": [
                "sha256:78b5b185f0e5763c26ca1e324373aadd49182ca90e825f7853f4b2509215dc0e",
                "sha256:e11eefd162658ea59a60a0f6c7d493a7190ea4b9a85e335b33489d9f17e0245e"
            ],
            "markers": "python_version >= '3'",
            "version": "==0.36.2"
        }
    },
    "develop": {}
}
